
Microsoft Visual Studio Solution File, Format Version 12.00
# Visual Studio Version 17
VisualStudioVersion = 17.5.002.0
MinimumVisualStudioVersion = 10.0.40219.1
Project("{9A19103F-16F7-4668-BE54-9A1E7A4F7556}") = "17vetor", "17vetor.csproj", "{0F33FA1F-69EE-4592-BA8C-EB278A51B8CD}"
EndProject
Global
	GlobalSection(SolutionConfigurationPlatforms) = preSolution
		Debug|Any CPU = Debug|Any CPU
		Release|Any CPU = Release|Any CPU
	EndGlobalSection
	GlobalSection(ProjectConfigurationPlatforms) = postSolution
		{0F33FA1F-69EE-4592-BA8C-EB278A51B8CD}.Debug|Any CPU.ActiveCfg = Debug|Any CPU
		{0F33FA1F-69EE-4592-BA8C-EB278A51B8CD}.Debug|Any CPU.Build.0 = Debug|Any CPU
		{0F33FA1F-69EE-4592-BA8C-EB278A51B8CD}.Release|Any CPU.ActiveCfg = Release|Any CPU
		{0F33FA1F-69EE-4592-BA8C-EB278A51B8CD}.Release|Any CPU.Build.0 = Release|Any CPU
	EndGlobalSection
	GlobalSection(SolutionProperties) = preSolution
		HideSolutionNode = FALSE
	EndGlobalSection
	GlobalSection(ExtensibilityGlobals) = postSolution
		SolutionGuid = {E3004FCA-F8D1-44BA-9654-384074FE9F98}
	EndGlobalSection
EndGlobal
