
Microsoft Visual Studio Solution File, Format Version 12.00
# Visual Studio Version 17
VisualStudioVersion = 17.5.002.0
MinimumVisualStudioVersion = 10.0.40219.1
Project("{9A19103F-16F7-4668-BE54-9A1E7A4F7556}") = "03constantes", "03constantes.csproj", "{0A9EB51E-D457-49B1-AAF7-95E17C0C1D71}"
EndProject
Global
	GlobalSection(SolutionConfigurationPlatforms) = preSolution
		Debug|Any CPU = Debug|Any CPU
		Release|Any CPU = Release|Any CPU
	EndGlobalSection
	GlobalSection(ProjectConfigurationPlatforms) = postSolution
		{0A9EB51E-D457-49B1-AAF7-95E17C0C1D71}.Debug|Any CPU.ActiveCfg = Debug|Any CPU
		{0A9EB51E-D457-49B1-AAF7-95E17C0C1D71}.Debug|Any CPU.Build.0 = Debug|Any CPU
		{0A9EB51E-D457-49B1-AAF7-95E17C0C1D71}.Release|Any CPU.ActiveCfg = Release|Any CPU
		{0A9EB51E-D457-49B1-AAF7-95E17C0C1D71}.Release|Any CPU.Build.0 = Release|Any CPU
	EndGlobalSection
	GlobalSection(SolutionProperties) = preSolution
		HideSolutionNode = FALSE
	EndGlobalSection
	GlobalSection(ExtensibilityGlobals) = postSolution
		SolutionGuid = {A33A5C42-F782-401B-A0C4-89CE747F42E7}
	EndGlobalSection
EndGlobal
