
Microsoft Visual Studio Solution File, Format Version 12.00
# Visual Studio Version 17
VisualStudioVersion = 17.5.002.0
MinimumVisualStudioVersion = 10.0.40219.1
Project("{9A19103F-16F7-4668-BE54-9A1E7A4F7556}") = "16laco_do_while", "16laco_do_while.csproj", "{CC0F89BA-C074-48A3-A46F-BA2208351388}"
EndProject
Global
	GlobalSection(SolutionConfigurationPlatforms) = preSolution
		Debug|Any CPU = Debug|Any CPU
		Release|Any CPU = Release|Any CPU
	EndGlobalSection
	GlobalSection(ProjectConfigurationPlatforms) = postSolution
		{CC0F89BA-C074-48A3-A46F-BA2208351388}.Debug|Any CPU.ActiveCfg = Debug|Any CPU
		{CC0F89BA-C074-48A3-A46F-BA2208351388}.Debug|Any CPU.Build.0 = Debug|Any CPU
		{CC0F89BA-C074-48A3-A46F-BA2208351388}.Release|Any CPU.ActiveCfg = Release|Any CPU
		{CC0F89BA-C074-48A3-A46F-BA2208351388}.Release|Any CPU.Build.0 = Release|Any CPU
	EndGlobalSection
	GlobalSection(SolutionProperties) = preSolution
		HideSolutionNode = FALSE
	EndGlobalSection
	GlobalSection(ExtensibilityGlobals) = postSolution
		SolutionGuid = {AD506135-E4A7-4651-B4F6-A31E3448D5E9}
	EndGlobalSection
EndGlobal
